
Microsoft Visual Studio Solution File, Format Version 12.00
Project("{FAE04EC0-301F-11D3-BF4B-00C04F79EFBC}") = "Shared", "Shared\Shared.csproj", "{9C62C967-797E-4E8A-8EA2-24E28C56122B}"
EndProject
Project("{FAE04EC0-301F-11D3-BF4B-00C04F79EFBC}") = "WebAPI", "WebAPI\WebAPI.csproj", "{06B4ACCA-4E0A-4F80-BCD3-3814EECE1AAF}"
EndProject
Project("{FAE04EC0-301F-11D3-BF4B-00C04F79EFBC}") = "Database", "Database\Database.csproj", "{5D69425D-7525-4C85-9375-C126F08FB984}"
EndProject
Project("{FAE04EC0-301F-11D3-BF4B-00C04F79EFBC}") = "BlazorUI", "BlazorUI\BlazorUI.csproj", "{2AC84EF1-F50D-48DB-87F4-7BF6E8FA2059}"
EndProject
Project("{FAE04EC0-301F-11D3-BF4B-00C04F79EFBC}") = "HttpClients", "HttpClients\HttpClients.csproj", "{87A20C22-93FE-49AF-BD46-3B2E3D30EC28}"
EndProject
Global
	GlobalSection(SolutionConfigurationPlatforms) = preSolution
		Debug|Any CPU = Debug|Any CPU
		Release|Any CPU = Release|Any CPU
	EndGlobalSection
	GlobalSection(ProjectConfigurationPlatforms) = postSolution
		{9C62C967-797E-4E8A-8EA2-24E28C56122B}.Debug|Any CPU.ActiveCfg = Debug|Any CPU
		{9C62C967-797E-4E8A-8EA2-24E28C56122B}.Debug|Any CPU.Build.0 = Debug|Any CPU
		{9C62C967-797E-4E8A-8EA2-24E28C56122B}.Release|Any CPU.ActiveCfg = Release|Any CPU
		{9C62C967-797E-4E8A-8EA2-24E28C56122B}.Release|Any CPU.Build.0 = Release|Any CPU
		{06B4ACCA-4E0A-4F80-BCD3-3814EECE1AAF}.Debug|Any CPU.ActiveCfg = Debug|Any CPU
		{06B4ACCA-4E0A-4F80-BCD3-3814EECE1AAF}.Debug|Any CPU.Build.0 = Debug|Any CPU
		{06B4ACCA-4E0A-4F80-BCD3-3814EECE1AAF}.Release|Any CPU.ActiveCfg = Release|Any CPU
		{06B4ACCA-4E0A-4F80-BCD3-3814EECE1AAF}.Release|Any CPU.Build.0 = Release|Any CPU
		{5D69425D-7525-4C85-9375-C126F08FB984}.Debug|Any CPU.ActiveCfg = Debug|Any CPU
		{5D69425D-7525-4C85-9375-C126F08FB984}.Debug|Any CPU.Build.0 = Debug|Any CPU
		{5D69425D-7525-4C85-9375-C126F08FB984}.Release|Any CPU.ActiveCfg = Release|Any CPU
		{5D69425D-7525-4C85-9375-C126F08FB984}.Release|Any CPU.Build.0 = Release|Any CPU
		{2AC84EF1-F50D-48DB-87F4-7BF6E8FA2059}.Debug|Any CPU.ActiveCfg = Debug|Any CPU
		{2AC84EF1-F50D-48DB-87F4-7BF6E8FA2059}.Debug|Any CPU.Build.0 = Debug|Any CPU
		{2AC84EF1-F50D-48DB-87F4-7BF6E8FA2059}.Release|Any CPU.ActiveCfg = Release|Any CPU
		{2AC84EF1-F50D-48DB-87F4-7BF6E8FA2059}.Release|Any CPU.Build.0 = Release|Any CPU
		{87A20C22-93FE-49AF-BD46-3B2E3D30EC28}.Debug|Any CPU.ActiveCfg = Debug|Any CPU
		{87A20C22-93FE-49AF-BD46-3B2E3D30EC28}.Debug|Any CPU.Build.0 = Debug|Any CPU
		{87A20C22-93FE-49AF-BD46-3B2E3D30EC28}.Release|Any CPU.ActiveCfg = Release|Any CPU
		{87A20C22-93FE-49AF-BD46-3B2E3D30EC28}.Release|Any CPU.Build.0 = Release|Any CPU
	EndGlobalSection
EndGlobal
